
Microsoft Visual Studio Solution File, Format Version 12.00
# Visual Studio Version 17
VisualStudioVersion = 17.1.32328.378
MinimumVisualStudioVersion = 10.0.40219.1
Project("{9A19103F-16F7-4668-BE54-9A1E7A4F7556}") = "csharp_react.Web", "csharp_react.Web.csproj", "{A7253E70-6DB3-4CD0-BBB8-6EC158CC96A6}"
EndProject
Project("{FAE04EC0-301F-11D3-BF4B-00C04F79EFBC}") = "csharp_react.Data", "..\csharp_react.Data\csharp_react.Data.csproj", "{B1EC46A6-EF73-4DA1-BE47-5EB5913FC20B}"
EndProject
Project("{FAE04EC0-301F-11D3-BF4B-00C04F79EFBC}") = "csharp_react.Services", "..\csharp_react.Services\csharp_react.Services.csproj", "{CFDD7B5A-F925-40F9-8101-C366A2E70092}"
EndProject
Global
	GlobalSection(SolutionConfigurationPlatforms) = preSolution
		Debug|Any CPU = Debug|Any CPU
		Release|Any CPU = Release|Any CPU
	EndGlobalSection
	GlobalSection(ProjectConfigurationPlatforms) = postSolution
		{A7253E70-6DB3-4CD0-BBB8-6EC158CC96A6}.Debug|Any CPU.ActiveCfg = Debug|Any CPU
		{A7253E70-6DB3-4CD0-BBB8-6EC158CC96A6}.Debug|Any CPU.Build.0 = Debug|Any CPU
		{A7253E70-6DB3-4CD0-BBB8-6EC158CC96A6}.Release|Any CPU.ActiveCfg = Release|Any CPU
		{A7253E70-6DB3-4CD0-BBB8-6EC158CC96A6}.Release|Any CPU.Build.0 = Release|Any CPU
		{B1EC46A6-EF73-4DA1-BE47-5EB5913FC20B}.Debug|Any CPU.ActiveCfg = Debug|Any CPU
		{B1EC46A6-EF73-4DA1-BE47-5EB5913FC20B}.Debug|Any CPU.Build.0 = Debug|Any CPU
		{B1EC46A6-EF73-4DA1-BE47-5EB5913FC20B}.Release|Any CPU.ActiveCfg = Release|Any CPU
		{B1EC46A6-EF73-4DA1-BE47-5EB5913FC20B}.Release|Any CPU.Build.0 = Release|Any CPU
		{CFDD7B5A-F925-40F9-8101-C366A2E70092}.Debug|Any CPU.ActiveCfg = Debug|Any CPU
		{CFDD7B5A-F925-40F9-8101-C366A2E70092}.Debug|Any CPU.Build.0 = Debug|Any CPU
		{CFDD7B5A-F925-40F9-8101-C366A2E70092}.Release|Any CPU.ActiveCfg = Release|Any CPU
		{CFDD7B5A-F925-40F9-8101-C366A2E70092}.Release|Any CPU.Build.0 = Release|Any CPU
	EndGlobalSection
	GlobalSection(SolutionProperties) = preSolution
		HideSolutionNode = FALSE
	EndGlobalSection
	GlobalSection(ExtensibilityGlobals) = postSolution
		SolutionGuid = {95C6767B-F0F6-4DDC-A63D-2D5F173E3971}
	EndGlobalSection
EndGlobal
